// !$*UTF8*$!
{
	archiveVersion = 1;
	classes = {
	};
	objectVersion = 56;
	objects = {

/* Begin PBXBuildFile section */
		04418E092AA99EE200AD63DE /* AppDelegate.swift in Sources */ = {isa = PBXBuildFile; fileRef = 04418E082AA99EE200AD63DE /* AppDelegate.swift */; };
		04418E0B2AA99EE200AD63DE /* SceneDelegate.swift in Sources */ = {isa = PBXBuildFile; fileRef = 04418E0A2AA99EE200AD63DE /* SceneDelegate.swift */; };
		04418E0D2AA99EE200AD63DE /* ViewController.swift in Sources */ = {isa = PBXBuildFile; fileRef = 04418E0C2AA99EE200AD63DE /* ViewController.swift */; };
		04418E102AA99EE200AD63DE /* Main.storyboard in Resources */ = {isa = PBXBuildFile; fileRef = 04418E0E2AA99EE200AD63DE /* Main.storyboard */; };
		04418E122AA99EE400AD63DE /* Assets.xcassets in Resources */ = {isa = PBXBuildFile; fileRef = 04418E112AA99EE400AD63DE /* Assets.xcassets */; };
		04418E152AA99EE400AD63DE /* LaunchScreen.storyboard in Resources */ = {isa = PBXBuildFile; fileRef = 04418E132AA99EE400AD63DE /* LaunchScreen.storyboard */; };
		04418E202AA99EE400AD63DE /* First_AppTests.swift in Sources */ = {isa = PBXBuildFile; fileRef = 04418E1F2AA99EE400AD63DE /* First_AppTests.swift */; };
		04418E2A2AA99EE400AD63DE /* First_AppUITests.swift in Sources */ = {isa = PBXBuildFile; fileRef = 04418E292AA99EE400AD63DE /* First_AppUITests.swift */; };
		04418E2C2AA99EE400AD63DE /* First_AppUITestsLaunchTests.swift in Sources */ = {isa = PBXBuildFile; fileRef = 04418E2B2AA99EE400AD63DE /* First_AppUITestsLaunchTests.swift */; };
/* End PBXBuildFile section */

/* Begin PBXContainerItemProxy section */
		04418E1C2AA99EE400AD63DE /* PBXContainerItemProxy */ = {
			isa = PBXContainerItemProxy;
			containerPortal = 04418DFD2AA99EE200AD63DE /* Project object */;
			proxyType = 1;
			remoteGlobalIDString = 04418E042AA99EE200AD63DE;
			remoteInfo = "First App";
		};
		04418E262AA99EE400AD63DE /* PBXContainerItemProxy */ = {
			isa = PBXContainerItemProxy;
			containerPortal = 04418DFD2AA99EE200AD63DE /* Project object */;
			proxyType = 1;
			remoteGlobalIDString = 04418E042AA99EE200AD63DE;
			remoteInfo = "First App";
		};
/* End PBXContainerItemProxy section */

/* Begin PBXFileReference section */
		04418E052AA99EE200AD63DE /* First App.app */ = {isa = PBXFileReference; explicitFileType = wrapper.application; includeInIndex = 0; path = "First App.app"; sourceTree = BUILT_PRODUCTS_DIR; };
		04418E082AA99EE200AD63DE /* AppDelegate.swift */ = {isa = PBXFileReference; lastKnownFileType = sourcecode.swift; path = AppDelegate.swift; sourceTree = "<group>"; };
		04418E0A2AA99EE200AD63DE /* SceneDelegate.swift */ = {isa = PBXFileReference; lastKnownFileType = sourcecode.swift; path = SceneDelegate.swift; sourceTree = "<group>"; };
		04418E0C2AA99EE200AD63DE /* ViewController.swift */ = {isa = PBXFileReference; lastKnownFileType = sourcecode.swift; path = ViewController.swift; sourceTree = "<group>"; };
		04418E0F2AA99EE200AD63DE /* Base */ = {isa = PBXFileReference; lastKnownFileType = file.storyboard; name = Base; path = Base.lproj/Main.storyboard; sourceTree = "<group>"; };
		04418E112AA99EE400AD63DE /* Assets.xcassets */ = {isa = PBXFileReference; lastKnownFileType = folder.assetcatalog; path = Assets.xcassets; sourceTree = "<group>"; };
		04418E142AA99EE400AD63DE /* Base */ = {isa = PBXFileReference; lastKnownFileType = file.storyboard; name = Base; path = Base.lproj/LaunchScreen.storyboard; sourceTree = "<group>"; };
		04418E162AA99EE400AD63DE /* Info.plist */ = {isa = PBXFileReference; lastKnownFileType = text.plist.xml; path = Info.plist; sourceTree = "<group>"; };
		04418E1B2AA99EE400AD63DE /* First AppTests.xctest */ = {isa = PBXFileReference; explicitFileType = wrapper.cfbundle; includeInIndex = 0; path = "First AppTests.xctest"; sourceTree = BUILT_PRODUCTS_DIR; };
		04418E1F2AA99EE400AD63DE /* First_AppTests.swift */ = {isa = PBXFileReference; lastKnownFileType = sourcecode.swift; path = First_AppTests.swift; sourceTree = "<group>"; };
		04418E252AA99EE400AD63DE /* First AppUITests.xctest */ = {isa = PBXFileReference; explicitFileType = wrapper.cfbundle; includeInIndex = 0; path = "First AppUITests.xctest"; sourceTree = BUILT_PRODUCTS_DIR; };
		04418E292AA99EE400AD63DE /* First_AppUITests.swift */ = {isa = PBXFileReference; lastKnownFileType = sourcecode.swift; path = First_AppUITests.swift; sourceTree = "<group>"; };
		04418E2B2AA99EE400AD63DE /* First_AppUITestsLaunchTests.swift */ = {isa = PBXFileReference; lastKnownFileType = sourcecode.swift; path = First_AppUITestsLaunchTests.swift; sourceTree = "<group>"; };
/* End PBXFileReference section */

/* Begin PBXFrameworksBuildPhase section */
		04418E022AA99EE200AD63DE /* Frameworks */ = {
			isa = PBXFrameworksBuildPhase;
			buildActionMask = 2147483647;
			files = (
			);
			runOnlyForDeploymentPostprocessing = 0;
		};
		04418E182AA99EE400AD63DE /* Frameworks */ = {
			isa = PBXFrameworksBuildPhase;
			buildActionMask = 2147483647;
			files = (
			);
			runOnlyForDeploymentPostprocessing = 0;
		};
		04418E222AA99EE400AD63DE /* Frameworks */ = {
			isa = PBXFrameworksBuildPhase;
			buildActionMask = 2147483647;
			files = (
			);
			runOnlyForDeploymentPostprocessing = 0;
		};
/* End PBXFrameworksBuildPhase section */

/* Begin PBXGroup section */
		04418DFC2AA99EE200AD63DE = {
			isa = PBXGroup;
			children = (
				04418E072AA99EE200AD63DE /* First App */,
				04418E1E2AA99EE400AD63DE /* First AppTests */,
				04418E282AA99EE400AD63DE /* First AppUITests */,
				04418E062AA99EE200AD63DE /* Products */,
			);
			sourceTree = "<group>";
		};
		04418E062AA99EE200AD63DE /* Products */ = {
			isa = PBXGroup;
			children = (
				04418E052AA99EE200AD63DE /* First App.app */,
				04418E1B2AA99EE400AD63DE /* First AppTests.xctest */,
				04418E252AA99EE400AD63DE /* First AppUITests.xctest */,
			);
			name = Products;
			sourceTree = "<group>";
		};
		04418E072AA99EE200AD63DE /* First App */ = {
			isa = PBXGroup;
			children = (
				04418E082AA99EE200AD63DE /* AppDelegate.swift */,
				04418E0A2AA99EE200AD63DE /* SceneDelegate.swift */,
				04418E0C2AA99EE200AD63DE /* ViewController.swift */,
				04418E0E2AA99EE200AD63DE /* Main.storyboard */,
				04418E112AA99EE400AD63DE /* Assets.xcassets */,
				04418E132AA99EE400AD63DE /* LaunchScreen.storyboard */,
				04418E162AA99EE400AD63DE /* Info.plist */,
			);
			path = "First App";
			sourceTree = "<group>";
		};
		04418E1E2AA99EE400AD63DE /* First AppTests */ = {
			isa = PBXGroup;
			children = (
				04418E1F2AA99EE400AD63DE /* First_AppTests.swift */,
			);
			path = "First AppTests";
			sourceTree = "<group>";
		};
		04418E282AA99EE400AD63DE /* First AppUITests */ = {
			isa = PBXGroup;
			children = (
				04418E292AA99EE400AD63DE /* First_AppUITests.swift */,
				04418E2B2AA99EE400AD63DE /* First_AppUITestsLaunchTests.swift */,
			);
			path = "First AppUITests";
			sourceTree = "<group>";
		};
/* End PBXGroup section */

/* Begin PBXNativeTarget section */
		04418E042AA99EE200AD63DE /* First App */ = {
			isa = PBXNativeTarget;
			buildConfigurationList = 04418E2F2AA99EE400AD63DE /* Build configuration list for PBXNativeTarget "First App" */;
			buildPhases = (
				04418E012AA99EE200AD63DE /* Sources */,
				04418E022AA99EE200AD63DE /* Frameworks */,
				04418E032AA99EE200AD63DE /* Resources */,
			);
			buildRules = (
			);
			dependencies = (
			);
			name = "First App";
			productName = "First App";
			productReference = 04418E052AA99EE200AD63DE /* First App.app */;
			productType = "com.apple.product-type.application";
		};
		04418E1A2AA99EE400AD63DE /* First AppTests */ = {
			isa = PBXNativeTarget;
			buildConfigurationList = 04418E322AA99EE400AD63DE /* Build configuration list for PBXNativeTarget "First AppTests" */;
			buildPhases = (
				04418E172AA99EE400AD63DE /* Sources */,
				04418E182AA99EE400AD63DE /* Frameworks */,
				04418E192AA99EE400AD63DE /* Resources */,
			);
			buildRules = (
			);
			dependencies = (
				04418E1D2AA99EE400AD63DE /* PBXTargetDependency */,
			);
			name = "First AppTests";
			productName = "First AppTests";
			productReference = 04418E1B2AA99EE400AD63DE /* First AppTests.xctest */;
			productType = "com.apple.product-type.bundle.unit-test";
		};
		04418E242AA99EE400AD63DE /* First AppUITests */ = {
			isa = PBXNativeTarget;
			buildConfigurationList = 04418E352AA99EE400AD63DE /* Build configuration list for PBXNativeTarget "First AppUITests" */;
			buildPhases = (
				04418E212AA99EE400AD63DE /* Sources */,
				04418E222AA99EE400AD63DE /* Frameworks */,
				04418E232AA99EE400AD63DE /* Resources */,
			);
			buildRules = (
			);
			dependencies = (
				04418E272AA99EE400AD63DE /* PBXTargetDependency */,
			);
			name = "First AppUITests";
			productName = "First AppUITests";
			productReference = 04418E252AA99EE400AD63DE /* First AppUITests.xctest */;
			productType = "com.apple.product-type.bundle.ui-testing";
		};
/* End PBXNativeTarget section */

/* Begin PBXProject section */
		04418DFD2AA99EE200AD63DE /* Project object */ = {
			isa = PBXProject;
			attributes = {
				BuildIndependentTargetsInParallel = 1;
				LastSwiftUpdateCheck = 1430;
				LastUpgradeCheck = 1430;
				TargetAttributes = {
					04418E042AA99EE200AD63DE = {
						CreatedOnToolsVersion = 14.3.1;
					};
					04418E1A2AA99EE400AD63DE = {
						CreatedOnToolsVersion = 14.3.1;
						TestTargetID = 04418E042AA99EE200AD63DE;
					};
					04418E242AA99EE400AD63DE = {
						CreatedOnToolsVersion = 14.3.1;
						TestTargetID = 04418E042AA99EE200AD63DE;
					};
				};
			};
			buildConfigurationList = 04418E002AA99EE200AD63DE /* Build configuration list for PBXProject "First App" */;
			compatibilityVersion = "Xcode 14.0";
			developmentRegion = en;
			hasScannedForEncodings = 0;
			knownRegions = (
				en,
				Base,
			);
			mainGroup = 04418DFC2AA99EE200AD63DE;
			productRefGroup = 04418E062AA99EE200AD63DE /* Products */;
			projectDirPath = "";
			projectRoot = "";
			targets = (
				04418E042AA99EE200AD63DE /* First App */,
				04418E1A2AA99EE400AD63DE /* First AppTests */,
				04418E242AA99EE400AD63DE /* First AppUITests */,
			);
		};
/* End PBXProject section */

/* Begin PBXResourcesBuildPhase section */
		04418E032AA99EE200AD63DE /* Resources */ = {
			isa = PBXResourcesBuildPhase;
			buildActionMask = 2147483647;
			files = (
				04418E152AA99EE400AD63DE /* LaunchScreen.storyboard in Resources */,
				04418E122AA99EE400AD63DE /* Assets.xcassets in Resources */,
				04418E102AA99EE200AD63DE /* Main.storyboard in Resources */,
			);
			runOnlyForDeploymentPostprocessing = 0;
		};
		04418E192AA99EE400AD63DE /* Resources */ = {
			isa = PBXResourcesBuildPhase;
			buildActionMask = 2147483647;
			files = (
			);
			runOnlyForDeploymentPostprocessing = 0;
		};
		04418E232AA99EE400AD63DE /* Resources */ = {
			isa = PBXResourcesBuildPhase;
			buildActionMask = 2147483647;
			files = (
			);
			runOnlyForDeploymentPostprocessing = 0;
		};
/* End PBXResourcesBuildPhase section */

/* Begin PBXSourcesBuildPhase section */
		04418E012AA99EE200AD63DE /* Sources */ = {
			isa = PBXSourcesBuildPhase;
			buildActionMask = 2147483647;
			files = (
				04418E0D2AA99EE200AD63DE /* ViewController.swift in Sources */,
				04418E092AA99EE200AD63DE /* AppDelegate.swift in Sources */,
				04418E0B2AA99EE200AD63DE /* SceneDelegate.swift in Sources */,
			);
			runOnlyForDeploymentPostprocessing = 0;
		};
		04418E172AA99EE400AD63DE /* Sources */ = {
			isa = PBXSourcesBuildPhase;
			buildActionMask = 2147483647;
			files = (
				04418E202AA99EE400AD63DE /* First_AppTests.swift in Sources */,
			);
			runOnlyForDeploymentPostprocessing = 0;
		};
		04418E212AA99EE400AD63DE /* Sources */ = {
			isa = PBXSourcesBuildPhase;
			buildActionMask = 2147483647;
			files = (
				04418E2A2AA99EE400AD63DE /* First_AppUITests.swift in Sources */,
				04418E2C2AA99EE400AD63DE /* First_AppUITestsLaunchTests.swift in Sources */,
			);
			runOnlyForDeploymentPostprocessing = 0;
		};
/* End PBXSourcesBuildPhase section */

/* Begin PBXTargetDependency section */
		04418E1D2AA99EE400AD63DE /* PBXTargetDependency */ = {
			isa = PBXTargetDependency;
			target = 04418E042AA99EE200AD63DE /* First App */;
			targetProxy = 04418E1C2AA99EE400AD63DE /* PBXContainerItemProxy */;
		};
		04418E272AA99EE400AD63DE /* PBXTargetDependency */ = {
			isa = PBXTargetDependency;
			target = 04418E042AA99EE200AD63DE /* First App */;
			targetProxy = 04418E262AA99EE400AD63DE /* PBXContainerItemProxy */;
		};
/* End PBXTargetDependency section */

/* Begin PBXVariantGroup section */
		04418E0E2AA99EE200AD63DE /* Main.storyboard */ = {
			isa = PBXVariantGroup;
			children = (
				04418E0F2AA99EE200AD63DE /* Base */,
			);
			name = Main.storyboard;
			sourceTree = "<group>";
		};
		04418E132AA99EE400AD63DE /* LaunchScreen.storyboard */ = {
			isa = PBXVariantGroup;
			children = (
				04418E142AA99EE400AD63DE /* Base */,
			);
			name = LaunchScreen.storyboard;
			sourceTree = "<group>";
		};
/* End PBXVariantGroup section */

/* Begin XCBuildConfiguration section */
		04418E2D2AA99EE400AD63DE /* Debug */ = {
			isa = XCBuildConfiguration;
			buildSettings = {
				ALWAYS_SEARCH_USER_PATHS = NO;
				CLANG_ANALYZER_NONNULL = YES;
				CLANG_ANALYZER_NUMBER_OBJECT_CONVERSION = YES_AGGRESSIVE;
				CLANG_CXX_LANGUAGE_STANDARD = "gnu++20";
				CLANG_ENABLE_MODULES = YES;
				CLANG_ENABLE_OBJC_ARC = YES;
				CLANG_ENABLE_OBJC_WEAK = YES;
				CLANG_WARN_BLOCK_CAPTURE_AUTORELEASING = YES;
				CLANG_WARN_BOOL_CONVERSION = YES;
				CLANG_WARN_COMMA = YES;
				CLANG_WARN_CONSTANT_CONVERSION = YES;
				CLANG_WARN_DEPRECATED_OBJC_IMPLEMENTATIONS = YES;
				CLANG_WARN_DIRECT_OBJC_ISA_USAGE = YES_ERROR;
				CLANG_WARN_DOCUMENTATION_COMMENTS = YES;
				CLANG_WARN_EMPTY_BODY = YES;
				CLANG_WARN_ENUM_CONVERSION = YES;
				CLANG_WARN_INFINITE_RECURSION = YES;
				CLANG_WARN_INT_CONVERSION = YES;
				CLANG_WARN_NON_LITERAL_NULL_CONVERSION = YES;
				CLANG_WARN_OBJC_IMPLICIT_RETAIN_SELF = YES;
				CLANG_WARN_OBJC_LITERAL_CONVERSION = YES;
				CLANG_WARN_OBJC_ROOT_CLASS = YES_ERROR;
				CLANG_WARN_QUOTED_INCLUDE_IN_FRAMEWORK_HEADER = YES;
				CLANG_WARN_RANGE_LOOP_ANALYSIS = YES;
				CLANG_WARN_STRICT_PROTOTYPES = YES;
				CLANG_WARN_SUSPICIOUS_MOVE = YES;
				CLANG_WARN_UNGUARDED_AVAILABILITY = YES_AGGRESSIVE;
				CLANG_WARN_UNREACHABLE_CODE = YES;
				CLANG_WARN__DUPLICATE_METHOD_MATCH = YES;
				COPY_PHASE_STRIP = NO;
				DEBUG_INFORMATION_FORMAT = dwarf;
				ENABLE_STRICT_OBJC_MSGSEND = YES;
				ENABLE_TESTABILITY = YES;
				GCC_C_LANGUAGE_STANDARD = gnu11;
				GCC_DYNAMIC_NO_PIC = NO;
				GCC_NO_COMMON_BLOCKS = YES;
				GCC_OPTIMIZATION_LEVEL = 0;
				GCC_PREPROCESSOR_DEFINITIONS = (
					"DEBUG=1",
					"$(inherited)",
				);
				GCC_WARN_64_TO_32_BIT_CONVERSION = YES;
				GCC_WARN_ABOUT_RETURN_TYPE = YES_ERROR;
				GCC_WARN_UNDECLARED_SELECTOR = YES;
				GCC_WARN_UNINITIALIZED_AUTOS = YES_AGGRESSIVE;
				GCC_WARN_UNUSED_FUNCTION = YES;
				GCC_WARN_UNUSED_VARIABLE = YES;
				IPHONEOS_DEPLOYMENT_TARGET = 16.4;
				MTL_ENABLE_DEBUG_INFO = INCLUDE_SOURCE;
				MTL_FAST_MATH = YES;
				ONLY_ACTIVE_ARCH = YES;
				SDKROOT = iphoneos;
				SWIFT_ACTIVE_COMPILATION_CONDITIONS = DEBUG;
				SWIFT_OPTIMIZATION_LEVEL = "-Onone";
			};
			name = Debug;
		};
		04418E2E2AA99EE400AD63DE /* Release */ = {
			isa = XCBuildConfiguration;
			buildSettings = {
				ALWAYS_SEARCH_USER_PATHS = NO;
				CLANG_ANALYZER_NONNULL = YES;
				CLANG_ANALYZER_NUMBER_OBJECT_CONVERSION = YES_AGGRESSIVE;
				CLANG_CXX_LANGUAGE_STANDARD = "gnu++20";
				CLANG_ENABLE_MODULES = YES;
				CLANG_ENABLE_OBJC_ARC = YES;
				CLANG_ENABLE_OBJC_WEAK = YES;
				CLANG_WARN_BLOCK_CAPTURE_AUTORELEASING = YES;
				CLANG_WARN_BOOL_CONVERSION = YES;
				CLANG_WARN_COMMA = YES;
				CLANG_WARN_CONSTANT_CONVERSION = YES;
				CLANG_WARN_DEPRECATED_OBJC_IMPLEMENTATIONS = YES;
				CLANG_WARN_DIRECT_OBJC_ISA_USAGE = YES_ERROR;
				CLANG_WARN_DOCUMENTATION_COMMENTS = YES;
				CLANG_WARN_EMPTY_BODY = YES;
				CLANG_WARN_ENUM_CONVERSION = YES;
				CLANG_WARN_INFINITE_RECURSION = YES;
				CLANG_WARN_INT_CONVERSION = YES;
				CLANG_WARN_NON_LITERAL_NULL_CONVERSION = YES;
				CLANG_WARN_OBJC_IMPLICIT_RETAIN_SELF = YES;
				CLANG_WARN_OBJC_LITERAL_CONVERSION = YES;
				CLANG_WARN_OBJC_ROOT_CLASS = YES_ERROR;
				CLANG_WARN_QUOTED_INCLUDE_IN_FRAMEWORK_HEADER = YES;
				CLANG_WARN_RANGE_LOOP_ANALYSIS = YES;
				CLANG_WARN_STRICT_PROTOTYPES = YES;
				CLANG_WARN_SUSPICIOUS_MOVE = YES;
				CLANG_WARN_UNGUARDED_AVAILABILITY = YES_AGGRESSIVE;
				CLANG_WARN_UNREACHABLE_CODE = YES;
				CLANG_WARN__DUPLICATE_METHOD_MATCH = YES;
				COPY_PHASE_STRIP = NO;
				DEBUG_INFORMATION_FORMAT = "dwarf-with-dsym";
				ENABLE_NS_ASSERTIONS = NO;
				ENABLE_STRICT_OBJC_MSGSEND = YES;
				GCC_C_LANGUAGE_STANDARD = gnu11;
				GCC_NO_COMMON_BLOCKS = YES;
				GCC_WARN_64_TO_32_BIT_CONVERSION = YES;
				GCC_WARN_ABOUT_RETURN_TYPE = YES_ERROR;
				GCC_WARN_UNDECLARED_SELECTOR = YES;
				GCC_WARN_UNINITIALIZED_AUTOS = YES_AGGRESSIVE;
				GCC_WARN_UNUSED_FUNCTION = YES;
				GCC_WARN_UNUSED_VARIABLE = YES;
				IPHONEOS_DEPLOYMENT_TARGET = 16.4;
				MTL_ENABLE_DEBUG_INFO = NO;
				MTL_FAST_MATH = YES;
				SDKROOT = iphoneos;
				SWIFT_COMPILATION_MODE = wholemodule;
				SWIFT_OPTIMIZATION_LEVEL = "-O";
				VALIDATE_PRODUCT = YES;
			};
			name = Release;
		};
		04418E302AA99EE400AD63DE /* Debug */ = {
			isa = XCBuildConfiguration;
			buildSettings = {
				ASSETCATALOG_COMPILER_APPICON_NAME = AppIcon;
				ASSETCATALOG_COMPILER_GLOBAL_ACCENT_COLOR_NAME = AccentColor;
				CODE_SIGN_STYLE = Automatic;
				CURRENT_PROJECT_VERSION = 1;
				GENERATE_INFOPLIST_FILE = YES;
				INFOPLIST_FILE = "First App/Info.plist";
				INFOPLIST_KEY_UIApplicationSupportsIndirectInputEvents = YES;
				INFOPLIST_KEY_UILaunchStoryboardName = LaunchScreen;
				INFOPLIST_KEY_UIMainStoryboardFile = Main;
				INFOPLIST_KEY_UISupportedInterfaceOrientations_iPad = "UIInterfaceOrientationPortrait UIInterfaceOrientationPortraitUpsideDown UIInterfaceOrientationLandscapeLeft UIInterfaceOrientationLandscapeRight";
				INFOPLIST_KEY_UISupportedInterfaceOrientations_iPhone = "UIInterfaceOrientationPortrait UIInterfaceOrientationLandscapeLeft UIInterfaceOrientationLandscapeRight";
				LD_RUNPATH_SEARCH_PATHS = (
					"$(inherited)",
					"@executable_path/Frameworks",
				);
				MARKETING_VERSION = 1.0;
				PRODUCT_BUNDLE_IDENTIFIER = "com.mananproductions.First-App";
				PRODUCT_NAME = "$(TARGET_NAME)";
				SWIFT_EMIT_LOC_STRINGS = YES;
				SWIFT_VERSION = 5.0;
				TARGETED_DEVICE_FAMILY = "1,2";
			};
			name = Debug;
		};
		04418E312AA99EE400AD63DE /* Release */ = {
			isa = XCBuildConfiguration;
			buildSettings = {
				ASSETCATALOG_COMPILER_APPICON_NAME = AppIcon;
				ASSETCATALOG_COMPILER_GLOBAL_ACCENT_COLOR_NAME = AccentColor;
				CODE_SIGN_STYLE = Automatic;
				CURRENT_PROJECT_VERSION = 1;
				GENERATE_INFOPLIST_FILE = YES;
				INFOPLIST_FILE = "First App/Info.plist";
				INFOPLIST_KEY_UIApplicationSupportsIndirectInputEvents = YES;
				INFOPLIST_KEY_UILaunchStoryboardName = LaunchScreen;
				INFOPLIST_KEY_UIMainStoryboardFile = Main;
				INFOPLIST_KEY_UISupportedInterfaceOrientations_iPad = "UIInterfaceOrientationPortrait UIInterfaceOrientationPortraitUpsideDown UIInterfaceOrientationLandscapeLeft UIInterfaceOrientationLandscapeRight";
				INFOPLIST_KEY_UISupportedInterfaceOrientations_iPhone = "UIInterfaceOrientationPortrait UIInterfaceOrientationLandscapeLeft UIInterfaceOrientationLandscapeRight";
				LD_RUNPATH_SEARCH_PATHS = (
					"$(inherited)",
					"@executable_path/Frameworks",
				);
				MARKETING_VERSION = 1.0;
				PRODUCT_BUNDLE_IDENTIFIER = "com.mananproductions.First-App";
				PRODUCT_NAME = "$(TARGET_NAME)";
				SWIFT_EMIT_LOC_STRINGS = YES;
				SWIFT_VERSION = 5.0;
				TARGETED_DEVICE_FAMILY = "1,2";
			};
			name = Release;
		};
		04418E332AA99EE400AD63DE /* Debug */ = {
			isa = XCBuildConfiguration;
			buildSettings = {
				ALWAYS_EMBED_SWIFT_STANDARD_LIBRARIES = YES;
				BUNDLE_LOADER = "$(TEST_HOST)";
				CODE_SIGN_STYLE = Automatic;
				CURRENT_PROJECT_VERSION = 1;
				GENERATE_INFOPLIST_FILE = YES;
				IPHONEOS_DEPLOYMENT_TARGET = 16.4;
				MARKETING_VERSION = 1.0;
				PRODUCT_BUNDLE_IDENTIFIER = "com.mananproductions.First-AppTests";
				PRODUCT_NAME = "$(TARGET_NAME)";
				SWIFT_EMIT_LOC_STRINGS = NO;
				SWIFT_VERSION = 5.0;
				TARGETED_DEVICE_FAMILY = "1,2";
				TEST_HOST = "$(BUILT_PRODUCTS_DIR)/First App.app/$(BUNDLE_EXECUTABLE_FOLDER_PATH)/First App";
			};
			name = Debug;
		};
		04418E342AA99EE400AD63DE /* Release */ = {
			isa = XCBuildConfiguration;
			buildSettings = {
				ALWAYS_EMBED_SWIFT_STANDARD_LIBRARIES = YES;
				BUNDLE_LOADER = "$(TEST_HOST)";
				CODE_SIGN_STYLE = Automatic;
				CURRENT_PROJECT_VERSION = 1;
				GENERATE_INFOPLIST_FILE = YES;
				IPHONEOS_DEPLOYMENT_TARGET = 16.4;
				MARKETING_VERSION = 1.0;
				PRODUCT_BUNDLE_IDENTIFIER = "com.mananproductions.First-AppTests";
				PRODUCT_NAME = "$(TARGET_NAME)";
				SWIFT_EMIT_LOC_STRINGS = NO;
				SWIFT_VERSION = 5.0;
				TARGETED_DEVICE_FAMILY = "1,2";
				TEST_HOST = "$(BUILT_PRODUCTS_DIR)/First App.app/$(BUNDLE_EXECUTABLE_FOLDER_PATH)/First App";
			};
			name = Release;
		};
		04418E362AA99EE400AD63DE /* Debug */ = {
			isa = XCBuildConfiguration;
			buildSettings = {
				ALWAYS_EMBED_SWIFT_STANDARD_LIBRARIES = YES;
				CODE_SIGN_STYLE = Automatic;
				CURRENT_PROJECT_VERSION = 1;
				GENERATE_INFOPLIST_FILE = YES;
				MARKETING_VERSION = 1.0;
				PRODUCT_BUNDLE_IDENTIFIER = "com.mananproductions.First-AppUITests";
				PRODUCT_NAME = "$(TARGET_NAME)";
				SWIFT_EMIT_LOC_STRINGS = NO;
				SWIFT_VERSION = 5.0;
				TARGETED_DEVICE_FAMILY = "1,2";
				TEST_TARGET_NAME = "First App";
			};
			name = Debug;
		};
		04418E372AA99EE400AD63DE /* Release */ = {
			isa = XCBuildConfiguration;
			buildSettings = {
				ALWAYS_EMBED_SWIFT_STANDARD_LIBRARIES = YES;
				CODE_SIGN_STYLE = Automatic;
				CURRENT_PROJECT_VERSION = 1;
				GENERATE_INFOPLIST_FILE = YES;
				MARKETING_VERSION = 1.0;
				PRODUCT_BUNDLE_IDENTIFIER = "com.mananproductions.First-AppUITests";
				PRODUCT_NAME = "$(TARGET_NAME)";
				SWIFT_EMIT_LOC_STRINGS = NO;
				SWIFT_VERSION = 5.0;
				TARGETED_DEVICE_FAMILY = "1,2";
				TEST_TARGET_NAME = "First App";
			};
			name = Release;
		};
/* End XCBuildConfiguration section */

/* Begin XCConfigurationList section */
		04418E002AA99EE200AD63DE /* Build configuration list for PBXProject "First App" */ = {
			isa = XCConfigurationList;
			buildConfigurations = (
				04418E2D2AA99EE400AD63DE /* Debug */,
				04418E2E2AA99EE400AD63DE /* Release */,
			);
			defaultConfigurationIsVisible = 0;
			defaultConfigurationName = Release;
		};
		04418E2F2AA99EE400AD63DE /* Build configuration list for PBXNativeTarget "First App" */ = {
			isa = XCConfigurationList;
			buildConfigurations = (
				04418E302AA99EE400AD63DE /* Debug */,
				04418E312AA99EE400AD63DE /* Release */,
			);
			defaultConfigurationIsVisible = 0;
			defaultConfigurationName = Release;
		};
		04418E322AA99EE400AD63DE /* Build configuration list for PBXNativeTarget "First AppTests" */ = {
			isa = XCConfigurationList;
			buildConfigurations = (
				04418E332AA99EE400AD63DE /* Debug */,
				04418E342AA99EE400AD63DE /* Release */,
			);
			defaultConfigurationIsVisible = 0;
			defaultConfigurationName = Release;
		};
		04418E352AA99EE400AD63DE /* Build configuration list for PBXNativeTarget "First AppUITests" */ = {
			isa = XCConfigurationList;
			buildConfigurations = (
				04418E362AA99EE400AD63DE /* Debug */,
				04418E372AA99EE400AD63DE /* Release */,
			);
			defaultConfigurationIsVisible = 0;
			defaultConfigurationName = Release;
		};
/* End XCConfigurationList section */
	};
	rootObject = 04418DFD2AA99EE200AD63DE /* Project object */;
}
